
Microsoft Visual Studio Solution File, Format Version 12.00
# Visual Studio Version 17
VisualStudioVersion = 17.11.35303.130
MinimumVisualStudioVersion = 10.0.40219.1
Project("{2150E333-8FDC-42A3-9474-1A3956D46DE8}") = "Task0", "Task0", "{200A627A-A60F-4CA3-A7B4-6DEC79619FA8}"
EndProject
Project("{9A19103F-16F7-4668-BE54-9A1E7A4F7556}") = "Tyuiu.AkhtarievaNR.Sprint4.Task0.V7", "Tyuiu.AkhtarievaNR.Sprint4.Task0.V7\Tyuiu.AkhtarievaNR.Sprint4.Task0.V7.csproj", "{529656CC-8686-4733-9474-41080B7F8E20}"
EndProject
Project("{9A19103F-16F7-4668-BE54-9A1E7A4F7556}") = "Tyuiu.AkhtarievaNR.Sprint4.Task0.V7.Lib", "Tyuiu.AkhtarievaNR.Sprint4.Task0.V7.Lib\Tyuiu.AkhtarievaNR.Sprint4.Task0.V7.Lib.csproj", "{CFE000F7-EED8-4F49-9725-DD2EF1AD209D}"
EndProject
Project("{9A19103F-16F7-4668-BE54-9A1E7A4F7556}") = "Tyuiu.AkhtarievaNR.Sprint4.Task0.V7.Test", "Tyuiu.AkhtarievaNR.Sprint4.Task0.V7.Test\Tyuiu.AkhtarievaNR.Sprint4.Task0.V7.Test.csproj", "{A0F97C98-A5E3-4E20-A3B8-B08333CA72B6}"
EndProject
Project("{2150E333-8FDC-42A3-9474-1A3956D46DE8}") = "Task1", "Task1", "{335AE1CE-1651-45CD-B96A-D0D7C23C8D49}"
EndProject
Project("{9A19103F-16F7-4668-BE54-9A1E7A4F7556}") = "Tyuiu.AkhtarievaNR.Sprint4.Task1.V13", "Tyuiu.AkhtarievaNR.Sprint4.Task1.V13\Tyuiu.AkhtarievaNR.Sprint4.Task1.V13.csproj", "{2F47702F-DB2C-449C-A1CE-6FF9D6DA6820}"
EndProject
Project("{9A19103F-16F7-4668-BE54-9A1E7A4F7556}") = "Tyuiu.AkhtarievaNR.Sprint4.Task1.V13.Lib", "Tyuiu.AkhtarievaNR.Sprint4.Task1.V13.Lib\Tyuiu.AkhtarievaNR.Sprint4.Task1.V13.Lib.csproj", "{45504B19-E4CA-41F0-9EA1-A998D98700D8}"
EndProject
Project("{9A19103F-16F7-4668-BE54-9A1E7A4F7556}") = "Tyuiu.AkhtarievaNR.Sprint4.Task1.V13.Test", "Tyuiu.AkhtarievaNR.Sprint4.Task1.V13.Test\Tyuiu.AkhtarievaNR.Sprint4.Task1.V13.Test.csproj", "{3EB0DE2F-88E9-4659-BA55-E71B0DDAC233}"
EndProject
Project("{2150E333-8FDC-42A3-9474-1A3956D46DE8}") = "Task2", "Task2", "{8BA46619-3B06-4111-9B32-8434CA97AAC2}"
EndProject
Project("{9A19103F-16F7-4668-BE54-9A1E7A4F7556}") = "Tyuiu.AkhtarievaNR.Sprint4.Task2.V27", "Tyuiu.AkhtarievaNR.Sprint4.Task2.V27\Tyuiu.AkhtarievaNR.Sprint4.Task2.V27.csproj", "{07E5F3F6-5E61-4ACA-B0A7-BB773D71F947}"
EndProject
Project("{9A19103F-16F7-4668-BE54-9A1E7A4F7556}") = "Tyuiu.AkhtarievaNR.Sprint4.Task2.V27.Lib", "Tyuiu.AkhtarievaNR.Sprint4.Task2.V27.Lib\Tyuiu.AkhtarievaNR.Sprint4.Task2.V27.Lib.csproj", "{D376D3F6-BD02-4374-8BB7-07AC1FBB65BE}"
EndProject
Project("{9A19103F-16F7-4668-BE54-9A1E7A4F7556}") = "Tyuiu.AkhtarievaNR.Sprint4.Task2.V27.Test", "Tyuiu.AkhtarievaNR.Sprint4.Task2.V27.Test\Tyuiu.AkhtarievaNR.Sprint4.Task2.V27.Test.csproj", "{DF42B1A8-5D83-41AB-BF92-C9281A389D2D}"
EndProject
Project("{2150E333-8FDC-42A3-9474-1A3956D46DE8}") = "Task3", "Task3", "{3187AEA0-174B-4124-A1B2-9B8F17DB2833}"
EndProject
Project("{9A19103F-16F7-4668-BE54-9A1E7A4F7556}") = "Tyuiu.AkhtarievaNR.Sprint4.Task3.V10", "Tyuiu.AkhtarievaNR.Sprint4.Task3.V10\Tyuiu.AkhtarievaNR.Sprint4.Task3.V10.csproj", "{E63E840C-4465-4B4B-9068-1B25EE96DB48}"
EndProject
Project("{9A19103F-16F7-4668-BE54-9A1E7A4F7556}") = "Tyuiu.AkhtarievaNR.Sprint4.Task3.V10.Lib", "Tyuiu.AkhtarievaNR.Sprint4.Task3.V10.Lib\Tyuiu.AkhtarievaNR.Sprint4.Task3.V10.Lib.csproj", "{7766478D-6981-421F-9A25-525A05FDC5ED}"
EndProject
Project("{9A19103F-16F7-4668-BE54-9A1E7A4F7556}") = "Tyuiu.AkhtarievaNR.Sprint4.Task3.V10.Test", "Tyuiu.AkhtarievaNR.Sprint4.Task3.V10.Test\Tyuiu.AkhtarievaNR.Sprint4.Task3.V10.Test.csproj", "{C9AF38E6-CEAE-4526-A1C1-F211888FB42D}"
EndProject
Project("{2150E333-8FDC-42A3-9474-1A3956D46DE8}") = "Task4", "Task4", "{BD92165D-0539-4675-99BD-A8254CE74377}"
EndProject
Project("{FAE04EC0-301F-11D3-BF4B-00C04F79EFBC}") = "Tyuiu.AkhtarievaNR.Sprint4.Task4.V17", "Tyuiu.AkhtarievaNR.Sprint4.Task4.V17\Tyuiu.AkhtarievaNR.Sprint4.Task4.V17.csproj", "{80833E2A-22F3-4736-8FB0-E9CD2CCFDF93}"
EndProject
Project("{FAE04EC0-301F-11D3-BF4B-00C04F79EFBC}") = "Tyuiu.AkhtarievaNR.Sprint4.Task4.V17.Lib", "Tyuiu.AkhtarievaNR.Sprint4.Task4.V17.Lib\Tyuiu.AkhtarievaNR.Sprint4.Task4.V17.Lib.csproj", "{8AB405FA-B352-41D7-9B57-03190A204F6A}"
EndProject
Project("{FAE04EC0-301F-11D3-BF4B-00C04F79EFBC}") = "Tyuiu.AkhtarievaNR.Sprint4.Task4.V17.Test", "Tyuiu.AkhtarievaNR.Sprint4.Task4.V17.Test\Tyuiu.AkhtarievaNR.Sprint4.Task4.V17.Test.csproj", "{206457CF-D269-4221-8904-9F3FC1B0C6E4}"
EndProject
Project("{FAE04EC0-301F-11D3-BF4B-00C04F79EFBC}") = "Test", "Test\Test.csproj", "{4B7AB867-E187-42B1-9AA9-F7D6E0311311}"
EndProject
Project("{2150E333-8FDC-42A3-9474-1A3956D46DE8}") = "Task5", "Task5", "{20E18C8A-B989-4ED2-BB1B-BB834918722A}"
EndProject
Project("{FAE04EC0-301F-11D3-BF4B-00C04F79EFBC}") = "Tyuiu.AkhtarievaNR.Sprint4.Task5.V17", "Tyuiu.AkhtarievaNR.Sprint4.Task5.V17\Tyuiu.AkhtarievaNR.Sprint4.Task5.V17.csproj", "{B5F3AEB9-7344-4D66-A783-6CA4BED8E771}"
EndProject
Project("{FAE04EC0-301F-11D3-BF4B-00C04F79EFBC}") = "Tyuiu.AkhtarievaNR.Sprint4.Task5.V17.Lib", "Tyuiu.AkhtarievaNR.Sprint4.Task5.V17.Lib\Tyuiu.AkhtarievaNR.Sprint4.Task5.V17.Lib.csproj", "{56C1B3AF-2C61-434A-9A5E-149F29A4356E}"
EndProject
Project("{FAE04EC0-301F-11D3-BF4B-00C04F79EFBC}") = "Tyuiu.AkhtarievaNR.Sprint4.Task5.V17.Test", "Tyuiu.AkhtarievaNR.Sprint4.Task5.V17.Test\Tyuiu.AkhtarievaNR.Sprint4.Task5.V17.Test.csproj", "{1C85A39A-9D0B-4690-874C-A8BCF4D3B72A}"
EndProject
Project("{2150E333-8FDC-42A3-9474-1A3956D46DE8}") = "Task6", "Task6", "{1817A840-E1F0-41B9-83C0-F9BE21C65BFF}"
EndProject
Project("{FAE04EC0-301F-11D3-BF4B-00C04F79EFBC}") = "Tyuiu.AkhtarievaNR.Sprint4.Task6.V6", "Tyuiu.AkhtarievaNR.Sprint4.Task6.V6\Tyuiu.AkhtarievaNR.Sprint4.Task6.V6.csproj", "{F7CAE93B-CD71-41B2-9DCE-13EA073CF89C}"
EndProject
Project("{FAE04EC0-301F-11D3-BF4B-00C04F79EFBC}") = "Tyuiu.AkhtarievaNR.Sprint4.Task6.V6.Lib", "Tyuiu.AkhtarievaNR.Sprint4.Task6.V6.Lib\Tyuiu.AkhtarievaNR.Sprint4.Task6.V6.Lib.csproj", "{266DDD77-301A-455C-A5A1-F2588D66AC63}"
EndProject
Project("{FAE04EC0-301F-11D3-BF4B-00C04F79EFBC}") = "Tyuiu.AkhtarievaNR.Sprint4.Task6.V6.Test", "Tyuiu.AkhtarievaNR.Sprint4.Task6.V6.Test\Tyuiu.AkhtarievaNR.Sprint4.Task6.V6.Test.csproj", "{FF568B86-9BCC-4D10-945E-E91239FF16BD}"
EndProject
Global
	GlobalSection(SolutionConfigurationPlatforms) = preSolution
		Debug|Any CPU = Debug|Any CPU
		Release|Any CPU = Release|Any CPU
	EndGlobalSection
	GlobalSection(ProjectConfigurationPlatforms) = postSolution
		{529656CC-8686-4733-9474-41080B7F8E20}.Debug|Any CPU.ActiveCfg = Debug|Any CPU
		{529656CC-8686-4733-9474-41080B7F8E20}.Debug|Any CPU.Build.0 = Debug|Any CPU
		{529656CC-8686-4733-9474-41080B7F8E20}.Release|Any CPU.ActiveCfg = Release|Any CPU
		{529656CC-8686-4733-9474-41080B7F8E20}.Release|Any CPU.Build.0 = Release|Any CPU
		{CFE000F7-EED8-4F49-9725-DD2EF1AD209D}.Debug|Any CPU.ActiveCfg = Debug|Any CPU
		{CFE000F7-EED8-4F49-9725-DD2EF1AD209D}.Debug|Any CPU.Build.0 = Debug|Any CPU
		{CFE000F7-EED8-4F49-9725-DD2EF1AD209D}.Release|Any CPU.ActiveCfg = Release|Any CPU
		{CFE000F7-EED8-4F49-9725-DD2EF1AD209D}.Release|Any CPU.Build.0 = Release|Any CPU
		{A0F97C98-A5E3-4E20-A3B8-B08333CA72B6}.Debug|Any CPU.ActiveCfg = Debug|Any CPU
		{A0F97C98-A5E3-4E20-A3B8-B08333CA72B6}.Debug|Any CPU.Build.0 = Debug|Any CPU
		{A0F97C98-A5E3-4E20-A3B8-B08333CA72B6}.Release|Any CPU.ActiveCfg = Release|Any CPU
		{A0F97C98-A5E3-4E20-A3B8-B08333CA72B6}.Release|Any CPU.Build.0 = Release|Any CPU
		{2F47702F-DB2C-449C-A1CE-6FF9D6DA6820}.Debug|Any CPU.ActiveCfg = Debug|Any CPU
		{2F47702F-DB2C-449C-A1CE-6FF9D6DA6820}.Debug|Any CPU.Build.0 = Debug|Any CPU
		{2F47702F-DB2C-449C-A1CE-6FF9D6DA6820}.Release|Any CPU.ActiveCfg = Release|Any CPU
		{2F47702F-DB2C-449C-A1CE-6FF9D6DA6820}.Release|Any CPU.Build.0 = Release|Any CPU
		{45504B19-E4CA-41F0-9EA1-A998D98700D8}.Debug|Any CPU.ActiveCfg = Debug|Any CPU
		{45504B19-E4CA-41F0-9EA1-A998D98700D8}.Debug|Any CPU.Build.0 = Debug|Any CPU
		{45504B19-E4CA-41F0-9EA1-A998D98700D8}.Release|Any CPU.ActiveCfg = Release|Any CPU
		{45504B19-E4CA-41F0-9EA1-A998D98700D8}.Release|Any CPU.Build.0 = Release|Any CPU
		{3EB0DE2F-88E9-4659-BA55-E71B0DDAC233}.Debug|Any CPU.ActiveCfg = Debug|Any CPU
		{3EB0DE2F-88E9-4659-BA55-E71B0DDAC233}.Debug|Any CPU.Build.0 = Debug|Any CPU
		{3EB0DE2F-88E9-4659-BA55-E71B0DDAC233}.Release|Any CPU.ActiveCfg = Release|Any CPU
		{3EB0DE2F-88E9-4659-BA55-E71B0DDAC233}.Release|Any CPU.Build.0 = Release|Any CPU
		{07E5F3F6-5E61-4ACA-B0A7-BB773D71F947}.Debug|Any CPU.ActiveCfg = Debug|Any CPU
		{07E5F3F6-5E61-4ACA-B0A7-BB773D71F947}.Debug|Any CPU.Build.0 = Debug|Any CPU
		{07E5F3F6-5E61-4ACA-B0A7-BB773D71F947}.Release|Any CPU.ActiveCfg = Release|Any CPU
		{07E5F3F6-5E61-4ACA-B0A7-BB773D71F947}.Release|Any CPU.Build.0 = Release|Any CPU
		{D376D3F6-BD02-4374-8BB7-07AC1FBB65BE}.Debug|Any CPU.ActiveCfg = Debug|Any CPU
		{D376D3F6-BD02-4374-8BB7-07AC1FBB65BE}.Debug|Any CPU.Build.0 = Debug|Any CPU
		{D376D3F6-BD02-4374-8BB7-07AC1FBB65BE}.Release|Any CPU.ActiveCfg = Release|Any CPU
		{D376D3F6-BD02-4374-8BB7-07AC1FBB65BE}.Release|Any CPU.Build.0 = Release|Any CPU
		{DF42B1A8-5D83-41AB-BF92-C9281A389D2D}.Debug|Any CPU.ActiveCfg = Debug|Any CPU
		{DF42B1A8-5D83-41AB-BF92-C9281A389D2D}.Debug|Any CPU.Build.0 = Debug|Any CPU
		{DF42B1A8-5D83-41AB-BF92-C9281A389D2D}.Release|Any CPU.ActiveCfg = Release|Any CPU
		{DF42B1A8-5D83-41AB-BF92-C9281A389D2D}.Release|Any CPU.Build.0 = Release|Any CPU
		{E63E840C-4465-4B4B-9068-1B25EE96DB48}.Debug|Any CPU.ActiveCfg = Debug|Any CPU
		{E63E840C-4465-4B4B-9068-1B25EE96DB48}.Debug|Any CPU.Build.0 = Debug|Any CPU
		{E63E840C-4465-4B4B-9068-1B25EE96DB48}.Release|Any CPU.ActiveCfg = Release|Any CPU
		{E63E840C-4465-4B4B-9068-1B25EE96DB48}.Release|Any CPU.Build.0 = Release|Any CPU
		{7766478D-6981-421F-9A25-525A05FDC5ED}.Debug|Any CPU.ActiveCfg = Debug|Any CPU
		{7766478D-6981-421F-9A25-525A05FDC5ED}.Debug|Any CPU.Build.0 = Debug|Any CPU
		{7766478D-6981-421F-9A25-525A05FDC5ED}.Release|Any CPU.ActiveCfg = Release|Any CPU
		{7766478D-6981-421F-9A25-525A05FDC5ED}.Release|Any CPU.Build.0 = Release|Any CPU
		{C9AF38E6-CEAE-4526-A1C1-F211888FB42D}.Debug|Any CPU.ActiveCfg = Debug|Any CPU
		{C9AF38E6-CEAE-4526-A1C1-F211888FB42D}.Debug|Any CPU.Build.0 = Debug|Any CPU
		{C9AF38E6-CEAE-4526-A1C1-F211888FB42D}.Release|Any CPU.ActiveCfg = Release|Any CPU
		{C9AF38E6-CEAE-4526-A1C1-F211888FB42D}.Release|Any CPU.Build.0 = Release|Any CPU
		{80833E2A-22F3-4736-8FB0-E9CD2CCFDF93}.Debug|Any CPU.ActiveCfg = Debug|Any CPU
		{80833E2A-22F3-4736-8FB0-E9CD2CCFDF93}.Debug|Any CPU.Build.0 = Debug|Any CPU
		{80833E2A-22F3-4736-8FB0-E9CD2CCFDF93}.Release|Any CPU.ActiveCfg = Release|Any CPU
		{80833E2A-22F3-4736-8FB0-E9CD2CCFDF93}.Release|Any CPU.Build.0 = Release|Any CPU
		{8AB405FA-B352-41D7-9B57-03190A204F6A}.Debug|Any CPU.ActiveCfg = Debug|Any CPU
		{8AB405FA-B352-41D7-9B57-03190A204F6A}.Debug|Any CPU.Build.0 = Debug|Any CPU
		{8AB405FA-B352-41D7-9B57-03190A204F6A}.Release|Any CPU.ActiveCfg = Release|Any CPU
		{8AB405FA-B352-41D7-9B57-03190A204F6A}.Release|Any CPU.Build.0 = Release|Any CPU
		{206457CF-D269-4221-8904-9F3FC1B0C6E4}.Debug|Any CPU.ActiveCfg = Debug|Any CPU
		{206457CF-D269-4221-8904-9F3FC1B0C6E4}.Debug|Any CPU.Build.0 = Debug|Any CPU
		{206457CF-D269-4221-8904-9F3FC1B0C6E4}.Release|Any CPU.ActiveCfg = Release|Any CPU
		{206457CF-D269-4221-8904-9F3FC1B0C6E4}.Release|Any CPU.Build.0 = Release|Any CPU
		{4B7AB867-E187-42B1-9AA9-F7D6E0311311}.Debug|Any CPU.ActiveCfg = Debug|Any CPU
		{4B7AB867-E187-42B1-9AA9-F7D6E0311311}.Debug|Any CPU.Build.0 = Debug|Any CPU
		{4B7AB867-E187-42B1-9AA9-F7D6E0311311}.Release|Any CPU.ActiveCfg = Release|Any CPU
		{4B7AB867-E187-42B1-9AA9-F7D6E0311311}.Release|Any CPU.Build.0 = Release|Any CPU
		{B5F3AEB9-7344-4D66-A783-6CA4BED8E771}.Debug|Any CPU.ActiveCfg = Debug|Any CPU
		{B5F3AEB9-7344-4D66-A783-6CA4BED8E771}.Debug|Any CPU.Build.0 = Debug|Any CPU
		{B5F3AEB9-7344-4D66-A783-6CA4BED8E771}.Release|Any CPU.ActiveCfg = Release|Any CPU
		{B5F3AEB9-7344-4D66-A783-6CA4BED8E771}.Release|Any CPU.Build.0 = Release|Any CPU
		{56C1B3AF-2C61-434A-9A5E-149F29A4356E}.Debug|Any CPU.ActiveCfg = Debug|Any CPU
		{56C1B3AF-2C61-434A-9A5E-149F29A4356E}.Debug|Any CPU.Build.0 = Debug|Any CPU
		{56C1B3AF-2C61-434A-9A5E-149F29A4356E}.Release|Any CPU.ActiveCfg = Release|Any CPU
		{56C1B3AF-2C61-434A-9A5E-149F29A4356E}.Release|Any CPU.Build.0 = Release|Any CPU
		{1C85A39A-9D0B-4690-874C-A8BCF4D3B72A}.Debug|Any CPU.ActiveCfg = Debug|Any CPU
		{1C85A39A-9D0B-4690-874C-A8BCF4D3B72A}.Debug|Any CPU.Build.0 = Debug|Any CPU
		{1C85A39A-9D0B-4690-874C-A8BCF4D3B72A}.Release|Any CPU.ActiveCfg = Release|Any CPU
		{1C85A39A-9D0B-4690-874C-A8BCF4D3B72A}.Release|Any CPU.Build.0 = Release|Any CPU
		{F7CAE93B-CD71-41B2-9DCE-13EA073CF89C}.Debug|Any CPU.ActiveCfg = Debug|Any CPU
		{F7CAE93B-CD71-41B2-9DCE-13EA073CF89C}.Debug|Any CPU.Build.0 = Debug|Any CPU
		{F7CAE93B-CD71-41B2-9DCE-13EA073CF89C}.Release|Any CPU.ActiveCfg = Release|Any CPU
		{F7CAE93B-CD71-41B2-9DCE-13EA073CF89C}.Release|Any CPU.Build.0 = Release|Any CPU
		{266DDD77-301A-455C-A5A1-F2588D66AC63}.Debug|Any CPU.ActiveCfg = Debug|Any CPU
		{266DDD77-301A-455C-A5A1-F2588D66AC63}.Debug|Any CPU.Build.0 = Debug|Any CPU
		{266DDD77-301A-455C-A5A1-F2588D66AC63}.Release|Any CPU.ActiveCfg = Release|Any CPU
		{266DDD77-301A-455C-A5A1-F2588D66AC63}.Release|Any CPU.Build.0 = Release|Any CPU
		{FF568B86-9BCC-4D10-945E-E91239FF16BD}.Debug|Any CPU.ActiveCfg = Debug|Any CPU
		{FF568B86-9BCC-4D10-945E-E91239FF16BD}.Debug|Any CPU.Build.0 = Debug|Any CPU
		{FF568B86-9BCC-4D10-945E-E91239FF16BD}.Release|Any CPU.ActiveCfg = Release|Any CPU
		{FF568B86-9BCC-4D10-945E-E91239FF16BD}.Release|Any CPU.Build.0 = Release|Any CPU
	EndGlobalSection
	GlobalSection(SolutionProperties) = preSolution
		HideSolutionNode = FALSE
	EndGlobalSection
	GlobalSection(NestedProjects) = preSolution
		{529656CC-8686-4733-9474-41080B7F8E20} = {200A627A-A60F-4CA3-A7B4-6DEC79619FA8}
		{CFE000F7-EED8-4F49-9725-DD2EF1AD209D} = {200A627A-A60F-4CA3-A7B4-6DEC79619FA8}
		{A0F97C98-A5E3-4E20-A3B8-B08333CA72B6} = {200A627A-A60F-4CA3-A7B4-6DEC79619FA8}
		{2F47702F-DB2C-449C-A1CE-6FF9D6DA6820} = {335AE1CE-1651-45CD-B96A-D0D7C23C8D49}
		{45504B19-E4CA-41F0-9EA1-A998D98700D8} = {335AE1CE-1651-45CD-B96A-D0D7C23C8D49}
		{3EB0DE2F-88E9-4659-BA55-E71B0DDAC233} = {335AE1CE-1651-45CD-B96A-D0D7C23C8D49}
		{07E5F3F6-5E61-4ACA-B0A7-BB773D71F947} = {8BA46619-3B06-4111-9B32-8434CA97AAC2}
		{D376D3F6-BD02-4374-8BB7-07AC1FBB65BE} = {8BA46619-3B06-4111-9B32-8434CA97AAC2}
		{DF42B1A8-5D83-41AB-BF92-C9281A389D2D} = {8BA46619-3B06-4111-9B32-8434CA97AAC2}
		{E63E840C-4465-4B4B-9068-1B25EE96DB48} = {3187AEA0-174B-4124-A1B2-9B8F17DB2833}
		{7766478D-6981-421F-9A25-525A05FDC5ED} = {3187AEA0-174B-4124-A1B2-9B8F17DB2833}
		{C9AF38E6-CEAE-4526-A1C1-F211888FB42D} = {3187AEA0-174B-4124-A1B2-9B8F17DB2833}
		{80833E2A-22F3-4736-8FB0-E9CD2CCFDF93} = {BD92165D-0539-4675-99BD-A8254CE74377}
		{8AB405FA-B352-41D7-9B57-03190A204F6A} = {BD92165D-0539-4675-99BD-A8254CE74377}
		{206457CF-D269-4221-8904-9F3FC1B0C6E4} = {BD92165D-0539-4675-99BD-A8254CE74377}
		{B5F3AEB9-7344-4D66-A783-6CA4BED8E771} = {20E18C8A-B989-4ED2-BB1B-BB834918722A}
		{56C1B3AF-2C61-434A-9A5E-149F29A4356E} = {20E18C8A-B989-4ED2-BB1B-BB834918722A}
		{1C85A39A-9D0B-4690-874C-A8BCF4D3B72A} = {20E18C8A-B989-4ED2-BB1B-BB834918722A}
		{F7CAE93B-CD71-41B2-9DCE-13EA073CF89C} = {1817A840-E1F0-41B9-83C0-F9BE21C65BFF}
		{266DDD77-301A-455C-A5A1-F2588D66AC63} = {1817A840-E1F0-41B9-83C0-F9BE21C65BFF}
		{FF568B86-9BCC-4D10-945E-E91239FF16BD} = {1817A840-E1F0-41B9-83C0-F9BE21C65BFF}
	EndGlobalSection
	GlobalSection(ExtensibilityGlobals) = postSolution
		SolutionGuid = {585429AF-584F-4D2C-BD3D-61AAC806B6BB}
	EndGlobalSection
EndGlobal
